github.com/pulumi/registry/themes/default v0.0.0-20220901191301-24a4f7ae1c35 h1:1t8JEUBpmS7sW3nkun8EMM16RGpQ0A34AKtOZq0DIXk=
github.com/pulumi/registry/themes/default v0.0.0-20220901191301-24a4f7ae1c35/go.mod h1:QSvobZqmJMqVmn3BTfSiYkbRKtJHhSA8gotu/pD1a0w=
github.com/pulumi/theme v0.0.0-20220901194633-ccac65357e1c h1:g+v6v1IGJRt0t05D0p94eJFuLR6roPm3rg9hrrwD+Fw=
github.com/pulumi/theme v0.0.0-20220901194633-ccac65357e1c/go.mod h1:Ksr+ztEgwxDLYFRalb0SYu4WcGROgnF35iILealOMno=
